// !$*UTF8*$!
{
	archiveVersion = 1;
	classes = {
	};
	objectVersion = 46;
	objects = {

/* Begin PBXBuildFile section */
		D922CE91136C926300233C48 /* UIKit.framework in Frameworks */ = {isa = PBXBuildFile; fileRef = D922CE90136C926300233C48 /* UIKit.framework */; };
		D922CE93136C926300233C48 /* Foundation.framework in Frameworks */ = {isa = PBXBuildFile; fileRef = D922CE92136C926300233C48 /* Foundation.framework */; };
		D922CE95136C926300233C48 /* CoreGraphics.framework in Frameworks */ = {isa = PBXBuildFile; fileRef = D922CE94136C926300233C48 /* CoreGraphics.framework */; };
		D922CE9B136C926300233C48 /* InfoPlist.strings in Resources */ = {isa = PBXBuildFile; fileRef = D922CE99136C926300233C48 /* InfoPlist.strings */; };
		D922CE9E136C926300233C48 /* main.m in Sources */ = {isa = PBXBuildFile; fileRef = D922CE9D136C926300233C48 /* main.m */; };
		D922CEA1136C926300233C48 /* FormNinjaAppDelegate.m in Sources */ = {isa = PBXBuildFile; fileRef = D922CEA0136C926300233C48 /* FormNinjaAppDelegate.m */; };
		D922CEA4136C926300233C48 /* MainWindow.xib in Resources */ = {isa = PBXBuildFile; fileRef = D922CEA2136C926300233C48 /* MainWindow.xib */; };
		D922CEA7136C926300233C48 /* FormNinjaLoginViewController.m in Sources */ = {isa = PBXBuildFile; fileRef = D922CEA6136C926300233C48 /* FormNinjaLoginViewController.m */; };
		D922CEAA136C926300233C48 /* FormNinjaLogin.xib in Resources */ = {isa = PBXBuildFile; fileRef = D922CEA8136C926300233C48 /* FormNinjaLogin.xib */; };
/* End PBXBuildFile section */

/* Begin PBXFileReference section */
		D922CE8C136C926300233C48 /* FormNinja.app */ = {isa = PBXFileReference; explicitFileType = wrapper.application; includeInIndex = 0; path = FormNinja.app; sourceTree = BUILT_PRODUCTS_DIR; };
		D922CE90136C926300233C48 /* UIKit.framework */ = {isa = PBXFileReference; lastKnownFileType = wrapper.framework; name = UIKit.framework; path = System/Library/Frameworks/UIKit.framework; sourceTree = SDKROOT; };
		D922CE92136C926300233C48 /* Foundation.framework */ = {isa = PBXFileReference; lastKnownFileType = wrapper.framework; name = Foundation.framework; path = System/Library/Frameworks/Foundation.framework; sourceTree = SDKROOT; };
		D922CE94136C926300233C48 /* CoreGraphics.framework */ = {isa = PBXFileReference; lastKnownFileType = wrapper.framework; name = CoreGraphics.framework; path = System/Library/Frameworks/CoreGraphics.framework; sourceTree = SDKROOT; };
		D922CE98136C926300233C48 /* FormNinja-Info.plist */ = {isa = PBXFileReference; lastKnownFileType = text.plist.xml; path = "FormNinja-Info.plist"; sourceTree = "<group>"; };
		D922CE9A136C926300233C48 /* en */ = {isa = PBXFileReference; lastKnownFileType = text.plist.strings; name = en; path = en.lproj/InfoPlist.strings; sourceTree = "<group>"; };
		D922CE9C136C926300233C48 /* FormNinja-Prefix.pch */ = {isa = PBXFileReference; lastKnownFileType = sourcecode.c.h; path = "FormNinja-Prefix.pch"; sourceTree = "<group>"; };
		D922CE9D136C926300233C48 /* main.m */ = {isa = PBXFileReference; lastKnownFileType = sourcecode.c.objc; path = main.m; sourceTree = "<group>"; };
		D922CE9F136C926300233C48 /* FormNinjaAppDelegate.h */ = {isa = PBXFileReference; lastKnownFileType = sourcecode.c.h; path = FormNinjaAppDelegate.h; sourceTree = "<group>"; };
		D922CEA0136C926300233C48 /* FormNinjaAppDelegate.m */ = {isa = PBXFileReference; lastKnownFileType = sourcecode.c.objc; path = FormNinjaAppDelegate.m; sourceTree = "<group>"; };
		D922CEA3136C926300233C48 /* en */ = {isa = PBXFileReference; lastKnownFileType = file.xib; name = en; path = en.lproj/MainWindow.xib; sourceTree = "<group>"; };
		D922CEA5136C926300233C48 /* FormNinjaLoginViewController.h */ = {isa = PBXFileReference; lastKnownFileType = sourcecode.c.h; path = FormNinjaLoginViewController.h; sourceTree = "<group>"; };
		D922CEA6136C926300233C48 /* FormNinjaLoginViewController.m */ = {isa = PBXFileReference; lastKnownFileType = sourcecode.c.objc; path = FormNinjaLoginViewController.m; sourceTree = "<group>"; };
		D922CEA9136C926300233C48 /* en */ = {isa = PBXFileReference; lastKnownFileType = file.xib; name = en; path = en.lproj/FormNinjaLogin.xib; sourceTree = "<group>"; };
/* End PBXFileReference section */

/* Begin PBXFrameworksBuildPhase section */
		D922CE89136C926300233C48 /* Frameworks */ = {
			isa = PBXFrameworksBuildPhase;
			buildActionMask = 2147483647;
			files = (
				D922CE91136C926300233C48 /* UIKit.framework in Frameworks */,
				D922CE93136C926300233C48 /* Foundation.framework in Frameworks */,
				D922CE95136C926300233C48 /* CoreGraphics.framework in Frameworks */,
			);
			runOnlyForDeploymentPostprocessing = 0;
		};
/* End PBXFrameworksBuildPhase section */

/* Begin PBXGroup section */
		D922CE81136C926300233C48 = {
			isa = PBXGroup;
			children = (
				D922CE96136C926300233C48 /* FormNinja */,
				D922CEB0136CAB1F00233C48 /* XIB */,
				D922CE8F136C926300233C48 /* Frameworks */,
				D922CE8D136C926300233C48 /* Products */,
			);
			sourceTree = "<group>";
		};
		D922CE8D136C926300233C48 /* Products */ = {
			isa = PBXGroup;
			children = (
				D922CE8C136C926300233C48 /* FormNinja.app */,
			);
			name = Products;
			sourceTree = "<group>";
		};
		D922CE8F136C926300233C48 /* Frameworks */ = {
			isa = PBXGroup;
			children = (
				D922CE90136C926300233C48 /* UIKit.framework */,
				D922CE92136C926300233C48 /* Foundation.framework */,
				D922CE94136C926300233C48 /* CoreGraphics.framework */,
			);
			name = Frameworks;
			sourceTree = "<group>";
		};
		D922CE96136C926300233C48 /* FormNinja */ = {
			isa = PBXGroup;
			children = (
				D922CE9F136C926300233C48 /* FormNinjaAppDelegate.h */,
				D922CEA0136C926300233C48 /* FormNinjaAppDelegate.m */,
				D922CEA2136C926300233C48 /* MainWindow.xib */,
				D922CEA5136C926300233C48 /* FormNinjaLoginViewController.h */,
				D922CEA6136C926300233C48 /* FormNinjaLoginViewController.m */,
				D922CE97136C926300233C48 /* Supporting Files */,
			);
			path = FormNinja;
			sourceTree = "<group>";
		};
		D922CE97136C926300233C48 /* Supporting Files */ = {
			isa = PBXGroup;
			children = (
				D922CE98136C926300233C48 /* FormNinja-Info.plist */,
				D922CE99136C926300233C48 /* InfoPlist.strings */,
				D922CE9C136C926300233C48 /* FormNinja-Prefix.pch */,
				D922CE9D136C926300233C48 /* main.m */,
			);
			name = "Supporting Files";
			sourceTree = "<group>";
		};
		D922CEB0136CAB1F00233C48 /* XIB */ = {
			isa = PBXGroup;
			children = (
				D922CEA8136C926300233C48 /* FormNinjaLogin.xib */,
			);
			name = XIB;
			path = FormNinja;
			sourceTree = "<group>";
		};
/* End PBXGroup section */

/* Begin PBXNativeTarget section */
		D922CE8B136C926300233C48 /* FormNinja */ = {
			isa = PBXNativeTarget;
			buildConfigurationList = D922CEAD136C926300233C48 /* Build configuration list for PBXNativeTarget "FormNinja" */;
			buildPhases = (
				D922CE88136C926300233C48 /* Sources */,
				D922CE89136C926300233C48 /* Frameworks */,
				D922CE8A136C926300233C48 /* Resources */,
			);
			buildRules = (
			);
			dependencies = (
			);
			name = FormNinja;
			productName = FormNinja;
			productReference = D922CE8C136C926300233C48 /* FormNinja.app */;
			productType = "com.apple.product-type.application";
		};
/* End PBXNativeTarget section */

/* Begin PBXProject section */
		D922CE83136C926300233C48 /* Project object */ = {
			isa = PBXProject;
			buildConfigurationList = D922CE86136C926300233C48 /* Build configuration list for PBXProject "FormNinja" */;
			compatibilityVersion = "Xcode 3.2";
			developmentRegion = English;
			hasScannedForEncodings = 0;
			knownRegions = (
				en,
			);
			mainGroup = D922CE81136C926300233C48;
			productRefGroup = D922CE8D136C926300233C48 /* Products */;
			projectDirPath = "";
			projectRoot = "";
			targets = (
				D922CE8B136C926300233C48 /* FormNinja */,
			);
		};
/* End PBXProject section */

/* Begin PBXResourcesBuildPhase section */
		D922CE8A136C926300233C48 /* Resources */ = {
			isa = PBXResourcesBuildPhase;
			buildActionMask = 2147483647;
			files = (
				D922CE9B136C926300233C48 /* InfoPlist.strings in Resources */,
				D922CEA4136C926300233C48 /* MainWindow.xib in Resources */,
				D922CEAA136C926300233C48 /* FormNinjaLogin.xib in Resources */,
			);
			runOnlyForDeploymentPostprocessing = 0;
		};
/* End PBXResourcesBuildPhase section */

/* Begin PBXSourcesBuildPhase section */
		D922CE88136C926300233C48 /* Sources */ = {
			isa = PBXSourcesBuildPhase;
			buildActionMask = 2147483647;
			files = (
				D922CE9E136C926300233C48 /* main.m in Sources */,
				D922CEA1136C926300233C48 /* FormNinjaAppDelegate.m in Sources */,
				D922CEA7136C926300233C48 /* FormNinjaLoginViewController.m in Sources */,
			);
			runOnlyForDeploymentPostprocessing = 0;
		};
/* End PBXSourcesBuildPhase section */

/* Begin PBXVariantGroup section */
		D922CE99136C926300233C48 /* InfoPlist.strings */ = {
			isa = PBXVariantGroup;
			children = (
				D922CE9A136C926300233C48 /* en */,
			);
			name = InfoPlist.strings;
			sourceTree = "<group>";
		};
		D922CEA2136C926300233C48 /* MainWindow.xib */ = {
			isa = PBXVariantGroup;
			children = (
				D922CEA3136C926300233C48 /* en */,
			);
			name = MainWindow.xib;
			sourceTree = "<group>";
		};
		D922CEA8136C926300233C48 /* FormNinjaLogin.xib */ = {
			isa = PBXVariantGroup;
			children = (
				D922CEA9136C926300233C48 /* en */,
			);
			name = FormNinjaLogin.xib;
			sourceTree = "<group>";
		};
/* End PBXVariantGroup section */

/* Begin XCBuildConfiguration section */
		D922CEAB136C926300233C48 /* Debug */ = {
			isa = XCBuildConfiguration;
			buildSettings = {
				ARCHS = "$(ARCHS_UNIVERSAL_IPHONE_OS)";
				"CODE_SIGN_IDENTITY[sdk=iphoneos*]" = "iPhone Developer";
				GCC_C_LANGUAGE_STANDARD = gnu99;
				GCC_OPTIMIZATION_LEVEL = 0;
				GCC_PREPROCESSOR_DEFINITIONS = DEBUG;
				GCC_SYMBOLS_PRIVATE_EXTERN = NO;
				GCC_VERSION = com.apple.compilers.llvmgcc42;
				GCC_WARN_ABOUT_RETURN_TYPE = YES;
				GCC_WARN_UNUSED_VARIABLE = YES;
				IPHONEOS_DEPLOYMENT_TARGET = 4.3;
				SDKROOT = iphoneos;
				TARGETED_DEVICE_FAMILY = 2;
			};
			name = Debug;
		};
		D922CEAC136C926300233C48 /* Release */ = {
			isa = XCBuildConfiguration;
			buildSettings = {
				ARCHS = "$(ARCHS_UNIVERSAL_IPHONE_OS)";
				"CODE_SIGN_IDENTITY[sdk=iphoneos*]" = "iPhone Developer";
				GCC_C_LANGUAGE_STANDARD = gnu99;
				GCC_VERSION = com.apple.compilers.llvmgcc42;
				GCC_WARN_ABOUT_RETURN_TYPE = YES;
				GCC_WARN_UNUSED_VARIABLE = YES;
				IPHONEOS_DEPLOYMENT_TARGET = 4.3;
				OTHER_CFLAGS = "-DNS_BLOCK_ASSERTIONS=1";
				SDKROOT = iphoneos;
				TARGETED_DEVICE_FAMILY = 2;
			};
			name = Release;
		};
		D922CEAE136C926300233C48 /* Debug */ = {
			isa = XCBuildConfiguration;
			buildSettings = {
				ALWAYS_SEARCH_USER_PATHS = NO;
				COPY_PHASE_STRIP = NO;
				GCC_DYNAMIC_NO_PIC = NO;
				GCC_PRECOMPILE_PREFIX_HEADER = YES;
				GCC_PREFIX_HEADER = "FormNinja/FormNinja-Prefix.pch";
				INFOPLIST_FILE = "FormNinja/FormNinja-Info.plist";
				PRODUCT_NAME = "$(TARGET_NAME)";
				WRAPPER_EXTENSION = app;
			};
			name = Debug;
		};
		D922CEAF136C926300233C48 /* Release */ = {
			isa = XCBuildConfiguration;
			buildSettings = {
				ALWAYS_SEARCH_USER_PATHS = NO;
				COPY_PHASE_STRIP = YES;
				GCC_PRECOMPILE_PREFIX_HEADER = YES;
				GCC_PREFIX_HEADER = "FormNinja/FormNinja-Prefix.pch";
				INFOPLIST_FILE = "FormNinja/FormNinja-Info.plist";
				PRODUCT_NAME = "$(TARGET_NAME)";
				VALIDATE_PRODUCT = YES;
				WRAPPER_EXTENSION = app;
			};
			name = Release;
		};
/* End XCBuildConfiguration section */

/* Begin XCConfigurationList section */
		D922CE86136C926300233C48 /* Build configuration list for PBXProject "FormNinja" */ = {
			isa = XCConfigurationList;
			buildConfigurations = (
				D922CEAB136C926300233C48 /* Debug */,
				D922CEAC136C926300233C48 /* Release */,
			);
			defaultConfigurationIsVisible = 0;
			defaultConfigurationName = Release;
		};
		D922CEAD136C926300233C48 /* Build configuration list for PBXNativeTarget "FormNinja" */ = {
			isa = XCConfigurationList;
			buildConfigurations = (
				D922CEAE136C926300233C48 /* Debug */,
				D922CEAF136C926300233C48 /* Release */,
			);
			defaultConfigurationIsVisible = 0;
		};
/* End XCConfigurationList section */
	};
	rootObject = D922CE83136C926300233C48 /* Project object */;
}
