// !$*UTF8*$!
{
	archiveVersion = 1;
	classes = {
	};
	objectVersion = 46;
	objects = {

/* Begin PBXBuildFile section */
		42362F2A137C5C0700D3A363 /* QuartzCore.framework in Frameworks */ = {isa = PBXBuildFile; fileRef = 42362F29137C5C0700D3A363 /* QuartzCore.framework */; };
		425CA0BF137AE78700BBCBEA /* stringFieldViewController.m in Sources */ = {isa = PBXBuildFile; fileRef = 425CA0BD137AE78700BBCBEA /* stringFieldViewController.m */; };
		425CA0C0137AE78700BBCBEA /* stringFieldViewController.xib in Resources */ = {isa = PBXBuildFile; fileRef = 425CA0BE137AE78700BBCBEA /* stringFieldViewController.xib */; };
		D917B3F81378D0B000E75140 /* ASIAuthenticationDialog.m in Sources */ = {isa = PBXBuildFile; fileRef = D917B3E91378D0B000E75140 /* ASIAuthenticationDialog.m */; };
		D917B3F91378D0B000E75140 /* ASIDownloadCache.m in Sources */ = {isa = PBXBuildFile; fileRef = D917B3EC1378D0B000E75140 /* ASIDownloadCache.m */; };
		D917B3FA1378D0B000E75140 /* ASIFormDataRequest.m in Sources */ = {isa = PBXBuildFile; fileRef = D917B3EE1378D0B000E75140 /* ASIFormDataRequest.m */; };
		D917B3FB1378D0B000E75140 /* ASIHTTPRequest.m in Sources */ = {isa = PBXBuildFile; fileRef = D917B3F01378D0B000E75140 /* ASIHTTPRequest.m */; };
		D917B3FC1378D0B000E75140 /* ASIInputStream.m in Sources */ = {isa = PBXBuildFile; fileRef = D917B3F41378D0B000E75140 /* ASIInputStream.m */; };
		D917B3FD1378D0B000E75140 /* ASINetworkQueue.m in Sources */ = {isa = PBXBuildFile; fileRef = D917B3F61378D0B000E75140 /* ASINetworkQueue.m */; };
		D917B40B1378D0E900E75140 /* NSObject+SBJSON.m in Sources */ = {isa = PBXBuildFile; fileRef = D917B4001378D0E900E75140 /* NSObject+SBJSON.m */; };
		D917B40C1378D0E900E75140 /* NSString+SBJSON.m in Sources */ = {isa = PBXBuildFile; fileRef = D917B4021378D0E900E75140 /* NSString+SBJSON.m */; };
		D917B40D1378D0E900E75140 /* SBJSON.m in Sources */ = {isa = PBXBuildFile; fileRef = D917B4041378D0E900E75140 /* SBJSON.m */; };
		D917B40E1378D0E900E75140 /* SBJsonBase.m in Sources */ = {isa = PBXBuildFile; fileRef = D917B4061378D0E900E75140 /* SBJsonBase.m */; };
		D917B40F1378D0E900E75140 /* SBJsonParser.m in Sources */ = {isa = PBXBuildFile; fileRef = D917B4081378D0E900E75140 /* SBJsonParser.m */; };
		D917B4101378D0E900E75140 /* SBJsonWriter.m in Sources */ = {isa = PBXBuildFile; fileRef = D917B40A1378D0E900E75140 /* SBJsonWriter.m */; };
		D917B44D1378DEFB00E75140 /* Reachability.m in Sources */ = {isa = PBXBuildFile; fileRef = D917B44C1378DEFB00E75140 /* Reachability.m */; };
		D917B44F1378E04F00E75140 /* SystemConfiguration.framework in Frameworks */ = {isa = PBXBuildFile; fileRef = D917B44E1378E04F00E75140 /* SystemConfiguration.framework */; };
		D917B4591378E14A00E75140 /* libz.1.2.3.dylib in Frameworks */ = {isa = PBXBuildFile; fileRef = D917B4581378E14A00E75140 /* libz.1.2.3.dylib */; };
		D917B45B1378E1BE00E75140 /* CFNetwork.framework in Frameworks */ = {isa = PBXBuildFile; fileRef = D917B45A1378E1BE00E75140 /* CFNetwork.framework */; };
		D917B45D1378E1C800E75140 /* MobileCoreServices.framework in Frameworks */ = {isa = PBXBuildFile; fileRef = D917B45C1378E1C800E75140 /* MobileCoreServices.framework */; };
		D922CE91136C926300233C48 /* UIKit.framework in Frameworks */ = {isa = PBXBuildFile; fileRef = D922CE90136C926300233C48 /* UIKit.framework */; };
		D922CE93136C926300233C48 /* Foundation.framework in Frameworks */ = {isa = PBXBuildFile; fileRef = D922CE92136C926300233C48 /* Foundation.framework */; };
		D922CE95136C926300233C48 /* CoreGraphics.framework in Frameworks */ = {isa = PBXBuildFile; fileRef = D922CE94136C926300233C48 /* CoreGraphics.framework */; };
		D922CE9E136C926300233C48 /* main.m in Sources */ = {isa = PBXBuildFile; fileRef = D922CE9D136C926300233C48 /* main.m */; };
		D922CEA1136C926300233C48 /* FormNinjaAppDelegate.m in Sources */ = {isa = PBXBuildFile; fileRef = D922CEA0136C926300233C48 /* FormNinjaAppDelegate.m */; };
		D922CEA7136C926300233C48 /* FormNinjaLoginViewController.m in Sources */ = {isa = PBXBuildFile; fileRef = D922CEA6136C926300233C48 /* FormNinjaLoginViewController.m */; };
		F75D8C3B13874291005DB2AE /* SigTestView.m in Sources */ = {isa = PBXBuildFile; fileRef = F75D8C3913874291005DB2AE /* SigTestView.m */; };
		F75D8C3C13874291005DB2AE /* SigTestView.xib in Resources */ = {isa = PBXBuildFile; fileRef = F75D8C3A13874291005DB2AE /* SigTestView.xib */; };
		F768C5AF137DE85800191858 /* AccountEditorViewController.m in Sources */ = {isa = PBXBuildFile; fileRef = F768C5AD137DE85800191858 /* AccountEditorViewController.m */; };
		F768C5B0137DE85800191858 /* AccountEditorViewController.xib in Resources */ = {isa = PBXBuildFile; fileRef = F768C5AE137DE85800191858 /* AccountEditorViewController.xib */; };
		F768C5B8137DEFEB00191858 /* TODO.txt in Resources */ = {isa = PBXBuildFile; fileRef = F768C5B7137DEFEB00191858 /* TODO.txt */; };
		F778DD5B137DC69400B444F6 /* CustomLoadAlert.xib in Resources */ = {isa = PBXBuildFile; fileRef = F778DD58137DC69400B444F6 /* CustomLoadAlert.xib */; };
		F778DD5C137DC69400B444F6 /* CustomLoadAlertViewController.m in Sources */ = {isa = PBXBuildFile; fileRef = F778DD5A137DC69400B444F6 /* CustomLoadAlertViewController.m */; };
		F77FDA551375F5DD00DC694D /* TemplateEditorViewController.m in Sources */ = {isa = PBXBuildFile; fileRef = F77FDA531375F5DD00DC694D /* TemplateEditorViewController.m */; };
		F7BC423013886CB800911EB5 /* FormEditorViewController.m in Sources */ = {isa = PBXBuildFile; fileRef = F7BC422E13886CB800911EB5 /* FormEditorViewController.m */; };
		F7BC423113886CB800911EB5 /* FormEditorViewController.xib in Resources */ = {isa = PBXBuildFile; fileRef = F7BC422F13886CB800911EB5 /* FormEditorViewController.xib */; };
		F7BC423713886CF300911EB5 /* FormManagerViewController.m in Sources */ = {isa = PBXBuildFile; fileRef = F7BC423513886CF300911EB5 /* FormManagerViewController.m */; };
		F7BC423813886CF300911EB5 /* FormManagerViewController.xib in Resources */ = {isa = PBXBuildFile; fileRef = F7BC423613886CF300911EB5 /* FormManagerViewController.xib */; };
		F7BC423D1388709F00911EB5 /* GroupManagerViewController.m in Sources */ = {isa = PBXBuildFile; fileRef = F7BC423B1388709F00911EB5 /* GroupManagerViewController.m */; };
		F7BC423E1388709F00911EB5 /* GroupManagerViewController.xib in Resources */ = {isa = PBXBuildFile; fileRef = F7BC423C1388709F00911EB5 /* GroupManagerViewController.xib */; };
		F7CDEDFC1386F25A000BA5AB /* SignatureViewController.m in Sources */ = {isa = PBXBuildFile; fileRef = F7CDEDFA1386F25A000BA5AB /* SignatureViewController.m */; };
		F7D8AFBB136E289500FE0F76 /* MainMenu.m in Sources */ = {isa = PBXBuildFile; fileRef = F7D8AFB9136E289500FE0F76 /* MainMenu.m */; };
		F7D8AFBC136E289500FE0F76 /* MainMenu.xib in Resources */ = {isa = PBXBuildFile; fileRef = F7D8AFBA136E289500FE0F76 /* MainMenu.xib */; };
		F7E2B561137E49D000EA89D0 /* AccountClass.m in Sources */ = {isa = PBXBuildFile; fileRef = F7E2B560137E49D000EA89D0 /* AccountClass.m */; };
		F7F248C11385E1C600E0FD2A /* FormNinjaLoginViewController.xib in Resources */ = {isa = PBXBuildFile; fileRef = F7F248C31385E1C600E0FD2A /* FormNinjaLoginViewController.xib */; };
		F7F248C41385E1CB00E0FD2A /* MainWindow.xib in Resources */ = {isa = PBXBuildFile; fileRef = F7F248C61385E1CB00E0FD2A /* MainWindow.xib */; };
		F7F248CD1385E2D300E0FD2A /* TemplateEditorViewController.xib in Resources */ = {isa = PBXBuildFile; fileRef = F7F248CE1385E2D300E0FD2A /* TemplateEditorViewController.xib */; };
		F7F248D41385E8ED00E0FD2A /* TemplateManagerViewController.m in Sources */ = {isa = PBXBuildFile; fileRef = F7F248D51385E8ED00E0FD2A /* TemplateManagerViewController.m */; };
		F7F248D61385E8F800E0FD2A /* TemplateManagerViewController.xib in Resources */ = {isa = PBXBuildFile; fileRef = F7F248D71385E8F800E0FD2A /* TemplateManagerViewController.xib */; };
/* End PBXBuildFile section */

/* Begin PBXFileReference section */
		42362F29137C5C0700D3A363 /* QuartzCore.framework */ = {isa = PBXFileReference; lastKnownFileType = wrapper.framework; name = QuartzCore.framework; path = System/Library/Frameworks/QuartzCore.framework; sourceTree = SDKROOT; };
		425CA0BC137AE78700BBCBEA /* stringFieldViewController.h */ = {isa = PBXFileReference; fileEncoding = 4; lastKnownFileType = sourcecode.c.h; path = stringFieldViewController.h; sourceTree = "<group>"; };
		425CA0BD137AE78700BBCBEA /* stringFieldViewController.m */ = {isa = PBXFileReference; fileEncoding = 4; lastKnownFileType = sourcecode.c.objc; path = stringFieldViewController.m; sourceTree = "<group>"; };
		425CA0BE137AE78700BBCBEA /* stringFieldViewController.xib */ = {isa = PBXFileReference; fileEncoding = 4; lastKnownFileType = file.xib; path = stringFieldViewController.xib; sourceTree = "<group>"; };
		D90A13DC1382250200857A4C /* Constants.h */ = {isa = PBXFileReference; fileEncoding = 4; lastKnownFileType = sourcecode.c.h; path = Constants.h; sourceTree = "<group>"; };
		D917B3E81378D0B000E75140 /* ASIAuthenticationDialog.h */ = {isa = PBXFileReference; fileEncoding = 4; lastKnownFileType = sourcecode.c.h; name = ASIAuthenticationDialog.h; path = FormNinja/ASI/ASIAuthenticationDialog.h; sourceTree = "<group>"; };
		D917B3E91378D0B000E75140 /* ASIAuthenticationDialog.m */ = {isa = PBXFileReference; fileEncoding = 4; lastKnownFileType = sourcecode.c.objc; name = ASIAuthenticationDialog.m; path = FormNinja/ASI/ASIAuthenticationDialog.m; sourceTree = "<group>"; };
		D917B3EA1378D0B000E75140 /* ASICacheDelegate.h */ = {isa = PBXFileReference; fileEncoding = 4; lastKnownFileType = sourcecode.c.h; name = ASICacheDelegate.h; path = FormNinja/ASI/ASICacheDelegate.h; sourceTree = "<group>"; };
		D917B3EB1378D0B000E75140 /* ASIDownloadCache.h */ = {isa = PBXFileReference; fileEncoding = 4; lastKnownFileType = sourcecode.c.h; name = ASIDownloadCache.h; path = FormNinja/ASI/ASIDownloadCache.h; sourceTree = "<group>"; };
		D917B3EC1378D0B000E75140 /* ASIDownloadCache.m */ = {isa = PBXFileReference; fileEncoding = 4; lastKnownFileType = sourcecode.c.objc; name = ASIDownloadCache.m; path = FormNinja/ASI/ASIDownloadCache.m; sourceTree = "<group>"; };
		D917B3ED1378D0B000E75140 /* ASIFormDataRequest.h */ = {isa = PBXFileReference; fileEncoding = 4; lastKnownFileType = sourcecode.c.h; name = ASIFormDataRequest.h; path = FormNinja/ASI/ASIFormDataRequest.h; sourceTree = "<group>"; };
		D917B3EE1378D0B000E75140 /* ASIFormDataRequest.m */ = {isa = PBXFileReference; fileEncoding = 4; lastKnownFileType = sourcecode.c.objc; name = ASIFormDataRequest.m; path = FormNinja/ASI/ASIFormDataRequest.m; sourceTree = "<group>"; };
		D917B3EF1378D0B000E75140 /* ASIHTTPRequest.h */ = {isa = PBXFileReference; fileEncoding = 4; lastKnownFileType = sourcecode.c.h; name = ASIHTTPRequest.h; path = FormNinja/ASI/ASIHTTPRequest.h; sourceTree = "<group>"; };
		D917B3F01378D0B000E75140 /* ASIHTTPRequest.m */ = {isa = PBXFileReference; fileEncoding = 4; lastKnownFileType = sourcecode.c.objc; name = ASIHTTPRequest.m; path = FormNinja/ASI/ASIHTTPRequest.m; sourceTree = "<group>"; };
		D917B3F11378D0B000E75140 /* ASIHTTPRequestConfig.h */ = {isa = PBXFileReference; fileEncoding = 4; lastKnownFileType = sourcecode.c.h; name = ASIHTTPRequestConfig.h; path = FormNinja/ASI/ASIHTTPRequestConfig.h; sourceTree = "<group>"; };
		D917B3F21378D0B000E75140 /* ASIHTTPRequestDelegate.h */ = {isa = PBXFileReference; fileEncoding = 4; lastKnownFileType = sourcecode.c.h; name = ASIHTTPRequestDelegate.h; path = FormNinja/ASI/ASIHTTPRequestDelegate.h; sourceTree = "<group>"; };
		D917B3F31378D0B000E75140 /* ASIInputStream.h */ = {isa = PBXFileReference; fileEncoding = 4; lastKnownFileType = sourcecode.c.h; name = ASIInputStream.h; path = FormNinja/ASI/ASIInputStream.h; sourceTree = "<group>"; };
		D917B3F41378D0B000E75140 /* ASIInputStream.m */ = {isa = PBXFileReference; fileEncoding = 4; lastKnownFileType = sourcecode.c.objc; name = ASIInputStream.m; path = FormNinja/ASI/ASIInputStream.m; sourceTree = "<group>"; };
		D917B3F51378D0B000E75140 /* ASINetworkQueue.h */ = {isa = PBXFileReference; fileEncoding = 4; lastKnownFileType = sourcecode.c.h; name = ASINetworkQueue.h; path = FormNinja/ASI/ASINetworkQueue.h; sourceTree = "<group>"; };
		D917B3F61378D0B000E75140 /* ASINetworkQueue.m */ = {isa = PBXFileReference; fileEncoding = 4; lastKnownFileType = sourcecode.c.objc; name = ASINetworkQueue.m; path = FormNinja/ASI/ASINetworkQueue.m; sourceTree = "<group>"; };
		D917B3F71378D0B000E75140 /* ASIProgressDelegate.h */ = {isa = PBXFileReference; fileEncoding = 4; lastKnownFileType = sourcecode.c.h; name = ASIProgressDelegate.h; path = FormNinja/ASI/ASIProgressDelegate.h; sourceTree = "<group>"; };
		D917B3FE1378D0E900E75140 /* JSON.h */ = {isa = PBXFileReference; fileEncoding = 4; lastKnownFileType = sourcecode.c.h; name = JSON.h; path = FormNinja/JSON/JSON.h; sourceTree = "<group>"; };
		D917B3FF1378D0E900E75140 /* NSObject+SBJSON.h */ = {isa = PBXFileReference; fileEncoding = 4; lastKnownFileType = sourcecode.c.h; name = "NSObject+SBJSON.h"; path = "FormNinja/JSON/NSObject+SBJSON.h"; sourceTree = "<group>"; };
		D917B4001378D0E900E75140 /* NSObject+SBJSON.m */ = {isa = PBXFileReference; fileEncoding = 4; lastKnownFileType = sourcecode.c.objc; name = "NSObject+SBJSON.m"; path = "FormNinja/JSON/NSObject+SBJSON.m"; sourceTree = "<group>"; };
		D917B4011378D0E900E75140 /* NSString+SBJSON.h */ = {isa = PBXFileReference; fileEncoding = 4; lastKnownFileType = sourcecode.c.h; name = "NSString+SBJSON.h"; path = "FormNinja/JSON/NSString+SBJSON.h"; sourceTree = "<group>"; };
		D917B4021378D0E900E75140 /* NSString+SBJSON.m */ = {isa = PBXFileReference; fileEncoding = 4; lastKnownFileType = sourcecode.c.objc; name = "NSString+SBJSON.m"; path = "FormNinja/JSON/NSString+SBJSON.m"; sourceTree = "<group>"; };
		D917B4031378D0E900E75140 /* SBJSON.h */ = {isa = PBXFileReference; fileEncoding = 4; lastKnownFileType = sourcecode.c.h; name = SBJSON.h; path = FormNinja/JSON/SBJSON.h; sourceTree = "<group>"; };
		D917B4041378D0E900E75140 /* SBJSON.m */ = {isa = PBXFileReference; fileEncoding = 4; lastKnownFileType = sourcecode.c.objc; name = SBJSON.m; path = FormNinja/JSON/SBJSON.m; sourceTree = "<group>"; };
		D917B4051378D0E900E75140 /* SBJsonBase.h */ = {isa = PBXFileReference; fileEncoding = 4; lastKnownFileType = sourcecode.c.h; name = SBJsonBase.h; path = FormNinja/JSON/SBJsonBase.h; sourceTree = "<group>"; };
		D917B4061378D0E900E75140 /* SBJsonBase.m */ = {isa = PBXFileReference; fileEncoding = 4; lastKnownFileType = sourcecode.c.objc; name = SBJsonBase.m; path = FormNinja/JSON/SBJsonBase.m; sourceTree = "<group>"; };
		D917B4071378D0E900E75140 /* SBJsonParser.h */ = {isa = PBXFileReference; fileEncoding = 4; lastKnownFileType = sourcecode.c.h; name = SBJsonParser.h; path = FormNinja/JSON/SBJsonParser.h; sourceTree = "<group>"; };
		D917B4081378D0E900E75140 /* SBJsonParser.m */ = {isa = PBXFileReference; fileEncoding = 4; lastKnownFileType = sourcecode.c.objc; name = SBJsonParser.m; path = FormNinja/JSON/SBJsonParser.m; sourceTree = "<group>"; };
		D917B4091378D0E900E75140 /* SBJsonWriter.h */ = {isa = PBXFileReference; fileEncoding = 4; lastKnownFileType = sourcecode.c.h; name = SBJsonWriter.h; path = FormNinja/JSON/SBJsonWriter.h; sourceTree = "<group>"; };
		D917B40A1378D0E900E75140 /* SBJsonWriter.m */ = {isa = PBXFileReference; fileEncoding = 4; lastKnownFileType = sourcecode.c.objc; name = SBJsonWriter.m; path = FormNinja/JSON/SBJsonWriter.m; sourceTree = "<group>"; };
		D917B44B1378DEFB00E75140 /* Reachability.h */ = {isa = PBXFileReference; fileEncoding = 4; lastKnownFileType = sourcecode.c.h; path = Reachability.h; sourceTree = "<group>"; };
		D917B44C1378DEFB00E75140 /* Reachability.m */ = {isa = PBXFileReference; fileEncoding = 4; lastKnownFileType = sourcecode.c.objc; path = Reachability.m; sourceTree = "<group>"; };
		D917B44E1378E04F00E75140 /* SystemConfiguration.framework */ = {isa = PBXFileReference; lastKnownFileType = wrapper.framework; name = SystemConfiguration.framework; path = System/Library/Frameworks/SystemConfiguration.framework; sourceTree = SDKROOT; };
		D917B4581378E14A00E75140 /* libz.1.2.3.dylib */ = {isa = PBXFileReference; lastKnownFileType = "compiled.mach-o.dylib"; name = libz.1.2.3.dylib; path = usr/lib/libz.1.2.3.dylib; sourceTree = SDKROOT; };
		D917B45A1378E1BE00E75140 /* CFNetwork.framework */ = {isa = PBXFileReference; lastKnownFileType = wrapper.framework; name = CFNetwork.framework; path = System/Library/Frameworks/CFNetwork.framework; sourceTree = SDKROOT; };
		D917B45C1378E1C800E75140 /* MobileCoreServices.framework */ = {isa = PBXFileReference; lastKnownFileType = wrapper.framework; name = MobileCoreServices.framework; path = System/Library/Frameworks/MobileCoreServices.framework; sourceTree = SDKROOT; };
		D922CE8C136C926300233C48 /* FormNinja.app */ = {isa = PBXFileReference; explicitFileType = wrapper.application; includeInIndex = 0; path = FormNinja.app; sourceTree = BUILT_PRODUCTS_DIR; };
		D922CE90136C926300233C48 /* UIKit.framework */ = {isa = PBXFileReference; lastKnownFileType = wrapper.framework; name = UIKit.framework; path = System/Library/Frameworks/UIKit.framework; sourceTree = SDKROOT; };
		D922CE92136C926300233C48 /* Foundation.framework */ = {isa = PBXFileReference; lastKnownFileType = wrapper.framework; name = Foundation.framework; path = System/Library/Frameworks/Foundation.framework; sourceTree = SDKROOT; };
		D922CE94136C926300233C48 /* CoreGraphics.framework */ = {isa = PBXFileReference; lastKnownFileType = wrapper.framework; name = CoreGraphics.framework; path = System/Library/Frameworks/CoreGraphics.framework; sourceTree = SDKROOT; };
		D922CE98136C926300233C48 /* FormNinja-Info.plist */ = {isa = PBXFileReference; lastKnownFileType = text.plist.xml; path = "FormNinja-Info.plist"; sourceTree = "<group>"; };
		D922CE9C136C926300233C48 /* FormNinja-Prefix.pch */ = {isa = PBXFileReference; lastKnownFileType = sourcecode.c.h; path = "FormNinja-Prefix.pch"; sourceTree = "<group>"; };
		D922CE9D136C926300233C48 /* main.m */ = {isa = PBXFileReference; lastKnownFileType = sourcecode.c.objc; path = main.m; sourceTree = "<group>"; };
		D922CE9F136C926300233C48 /* FormNinjaAppDelegate.h */ = {isa = PBXFileReference; lastKnownFileType = sourcecode.c.h; path = FormNinjaAppDelegate.h; sourceTree = "<group>"; };
		D922CEA0136C926300233C48 /* FormNinjaAppDelegate.m */ = {isa = PBXFileReference; lastKnownFileType = sourcecode.c.objc; path = FormNinjaAppDelegate.m; sourceTree = "<group>"; };
		D922CEA5136C926300233C48 /* FormNinjaLoginViewController.h */ = {isa = PBXFileReference; lastKnownFileType = sourcecode.c.h; path = FormNinjaLoginViewController.h; sourceTree = "<group>"; };
		D922CEA6136C926300233C48 /* FormNinjaLoginViewController.m */ = {isa = PBXFileReference; lastKnownFileType = sourcecode.c.objc; path = FormNinjaLoginViewController.m; sourceTree = "<group>"; };
		F75D8C3813874291005DB2AE /* SigTestView.h */ = {isa = PBXFileReference; fileEncoding = 4; lastKnownFileType = sourcecode.c.h; name = SigTestView.h; path = Signature/SigTestView.h; sourceTree = "<group>"; };
		F75D8C3913874291005DB2AE /* SigTestView.m */ = {isa = PBXFileReference; fileEncoding = 4; lastKnownFileType = sourcecode.c.objc; name = SigTestView.m; path = Signature/SigTestView.m; sourceTree = "<group>"; };
		F75D8C3A13874291005DB2AE /* SigTestView.xib */ = {isa = PBXFileReference; fileEncoding = 4; lastKnownFileType = file.xib; name = SigTestView.xib; path = Signature/SigTestView.xib; sourceTree = "<group>"; };
		F768C5AC137DE85800191858 /* AccountEditorViewController.h */ = {isa = PBXFileReference; fileEncoding = 4; lastKnownFileType = sourcecode.c.h; path = AccountEditorViewController.h; sourceTree = "<group>"; };
		F768C5AD137DE85800191858 /* AccountEditorViewController.m */ = {isa = PBXFileReference; fileEncoding = 4; lastKnownFileType = sourcecode.c.objc; path = AccountEditorViewController.m; sourceTree = "<group>"; };
		F768C5AE137DE85800191858 /* AccountEditorViewController.xib */ = {isa = PBXFileReference; fileEncoding = 4; lastKnownFileType = file.xib; path = AccountEditorViewController.xib; sourceTree = "<group>"; };
		F768C5B7137DEFEB00191858 /* TODO.txt */ = {isa = PBXFileReference; fileEncoding = 4; lastKnownFileType = text; path = TODO.txt; sourceTree = "<group>"; };
		F778DD52137DC60E00B444F6 /* TemplateManagerViewController.h */ = {isa = PBXFileReference; fileEncoding = 4; lastKnownFileType = sourcecode.c.h; path = TemplateManagerViewController.h; sourceTree = "<group>"; };
		F778DD58137DC69400B444F6 /* CustomLoadAlert.xib */ = {isa = PBXFileReference; fileEncoding = 4; lastKnownFileType = file.xib; path = CustomLoadAlert.xib; sourceTree = "<group>"; };
		F778DD59137DC69400B444F6 /* CustomLoadAlertViewController.h */ = {isa = PBXFileReference; fileEncoding = 4; lastKnownFileType = sourcecode.c.h; path = CustomLoadAlertViewController.h; sourceTree = "<group>"; };
		F778DD5A137DC69400B444F6 /* CustomLoadAlertViewController.m */ = {isa = PBXFileReference; fileEncoding = 4; lastKnownFileType = sourcecode.c.objc; path = CustomLoadAlertViewController.m; sourceTree = "<group>"; };
		F77FDA521375F5DD00DC694D /* TemplateEditorViewController.h */ = {isa = PBXFileReference; fileEncoding = 4; lastKnownFileType = sourcecode.c.h; name = TemplateEditorViewController.h; path = TemplateEditor/TemplateEditorViewController.h; sourceTree = "<group>"; };
		F77FDA531375F5DD00DC694D /* TemplateEditorViewController.m */ = {isa = PBXFileReference; fileEncoding = 4; lastKnownFileType = sourcecode.c.objc; name = TemplateEditorViewController.m; path = TemplateEditor/TemplateEditorViewController.m; sourceTree = "<group>"; };
		F7BC422D13886CB800911EB5 /* FormEditorViewController.h */ = {isa = PBXFileReference; fileEncoding = 4; lastKnownFileType = sourcecode.c.h; name = FormEditorViewController.h; path = FormEditor/FormEditorViewController.h; sourceTree = "<group>"; };
		F7BC422E13886CB800911EB5 /* FormEditorViewController.m */ = {isa = PBXFileReference; fileEncoding = 4; lastKnownFileType = sourcecode.c.objc; name = FormEditorViewController.m; path = FormEditor/FormEditorViewController.m; sourceTree = "<group>"; };
		F7BC422F13886CB800911EB5 /* FormEditorViewController.xib */ = {isa = PBXFileReference; fileEncoding = 4; lastKnownFileType = file.xib; name = FormEditorViewController.xib; path = FormEditor/FormEditorViewController.xib; sourceTree = "<group>"; };
		F7BC423413886CF300911EB5 /* FormManagerViewController.h */ = {isa = PBXFileReference; fileEncoding = 4; lastKnownFileType = sourcecode.c.h; name = FormManagerViewController.h; path = FormManager/FormManagerViewController.h; sourceTree = "<group>"; };
		F7BC423513886CF300911EB5 /* FormManagerViewController.m */ = {isa = PBXFileReference; fileEncoding = 4; lastKnownFileType = sourcecode.c.objc; name = FormManagerViewController.m; path = FormManager/FormManagerViewController.m; sourceTree = "<group>"; };
		F7BC423613886CF300911EB5 /* FormManagerViewController.xib */ = {isa = PBXFileReference; fileEncoding = 4; lastKnownFileType = file.xib; name = FormManagerViewController.xib; path = FormManager/FormManagerViewController.xib; sourceTree = "<group>"; };
		F7BC423A1388709F00911EB5 /* GroupManagerViewController.h */ = {isa = PBXFileReference; fileEncoding = 4; lastKnownFileType = sourcecode.c.h; name = GroupManagerViewController.h; path = GroupManager/GroupManagerViewController.h; sourceTree = "<group>"; };
		F7BC423B1388709F00911EB5 /* GroupManagerViewController.m */ = {isa = PBXFileReference; fileEncoding = 4; lastKnownFileType = sourcecode.c.objc; name = GroupManagerViewController.m; path = GroupManager/GroupManagerViewController.m; sourceTree = "<group>"; };
		F7BC423C1388709F00911EB5 /* GroupManagerViewController.xib */ = {isa = PBXFileReference; fileEncoding = 4; lastKnownFileType = file.xib; name = GroupManagerViewController.xib; path = GroupManager/GroupManagerViewController.xib; sourceTree = "<group>"; };
		F7CDEDF91386F25A000BA5AB /* SignatureViewController.h */ = {isa = PBXFileReference; fileEncoding = 4; lastKnownFileType = sourcecode.c.h; name = SignatureViewController.h; path = Signature/SignatureViewController.h; sourceTree = "<group>"; };
		F7CDEDFA1386F25A000BA5AB /* SignatureViewController.m */ = {isa = PBXFileReference; fileEncoding = 4; lastKnownFileType = sourcecode.c.objc; name = SignatureViewController.m; path = Signature/SignatureViewController.m; sourceTree = "<group>"; };
		F7D8AFB8136E289500FE0F76 /* MainMenu.h */ = {isa = PBXFileReference; fileEncoding = 4; lastKnownFileType = sourcecode.c.h; path = MainMenu.h; sourceTree = "<group>"; };
		F7D8AFB9136E289500FE0F76 /* MainMenu.m */ = {isa = PBXFileReference; fileEncoding = 4; lastKnownFileType = sourcecode.c.objc; path = MainMenu.m; sourceTree = "<group>"; };
		F7D8AFBA136E289500FE0F76 /* MainMenu.xib */ = {isa = PBXFileReference; fileEncoding = 4; lastKnownFileType = file.xib; path = MainMenu.xib; sourceTree = "<group>"; };
		F7E2B55F137E49D000EA89D0 /* AccountClass.h */ = {isa = PBXFileReference; fileEncoding = 4; lastKnownFileType = sourcecode.c.h; name = AccountClass.h; path = AccountClass/AccountClass.h; sourceTree = "<group>"; };
		F7E2B560137E49D000EA89D0 /* AccountClass.m */ = {isa = PBXFileReference; fileEncoding = 4; lastKnownFileType = sourcecode.c.objc; name = AccountClass.m; path = AccountClass/AccountClass.m; sourceTree = "<group>"; };
		F7F248C21385E1C600E0FD2A /* en */ = {isa = PBXFileReference; lastKnownFileType = file.xib; name = en; path = en.lproj/FormNinjaLoginViewController.xib; sourceTree = "<group>"; };
		F7F248C51385E1CB00E0FD2A /* en */ = {isa = PBXFileReference; lastKnownFileType = file.xib; name = en; path = en.lproj/MainWindow.xib; sourceTree = "<group>"; };
		F7F248CE1385E2D300E0FD2A /* TemplateEditorViewController.xib */ = {isa = PBXFileReference; lastKnownFileType = file.xib; name = TemplateEditorViewController.xib; path = TemplateEditor/TemplateEditorViewController.xib; sourceTree = "<group>"; };
		F7F248D51385E8ED00E0FD2A /* TemplateManagerViewController.m */ = {isa = PBXFileReference; lastKnownFileType = sourcecode.c.objc; path = TemplateManagerViewController.m; sourceTree = "<group>"; };
		F7F248D71385E8F800E0FD2A /* TemplateManagerViewController.xib */ = {isa = PBXFileReference; lastKnownFileType = file.xib; path = TemplateManagerViewController.xib; sourceTree = "<group>"; };
/* End PBXFileReference section */

/* Begin PBXFrameworksBuildPhase section */
		D922CE89136C926300233C48 /* Frameworks */ = {
			isa = PBXFrameworksBuildPhase;
			buildActionMask = 2147483647;
			files = (
				42362F2A137C5C0700D3A363 /* QuartzCore.framework in Frameworks */,
				D917B45D1378E1C800E75140 /* MobileCoreServices.framework in Frameworks */,
				D922CE95136C926300233C48 /* CoreGraphics.framework in Frameworks */,
				D917B45B1378E1BE00E75140 /* CFNetwork.framework in Frameworks */,
				D917B4591378E14A00E75140 /* libz.1.2.3.dylib in Frameworks */,
				D922CE91136C926300233C48 /* UIKit.framework in Frameworks */,
				D922CE93136C926300233C48 /* Foundation.framework in Frameworks */,
				D917B44F1378E04F00E75140 /* SystemConfiguration.framework in Frameworks */,
			);
			runOnlyForDeploymentPostprocessing = 0;
		};
/* End PBXFrameworksBuildPhase section */

/* Begin PBXGroup section */
		425CA0C2137AEB9600BBCBEA /* StringField */ = {
			isa = PBXGroup;
			children = (
				425CA0BC137AE78700BBCBEA /* stringFieldViewController.h */,
				425CA0BD137AE78700BBCBEA /* stringFieldViewController.m */,
				425CA0BE137AE78700BBCBEA /* stringFieldViewController.xib */,
			);
			name = StringField;
			sourceTree = "<group>";
		};
		D917B3D01378D06200E75140 /* JSON */ = {
			isa = PBXGroup;
			children = (
				D917B3FE1378D0E900E75140 /* JSON.h */,
				D917B3FF1378D0E900E75140 /* NSObject+SBJSON.h */,
				D917B4001378D0E900E75140 /* NSObject+SBJSON.m */,
				D917B4011378D0E900E75140 /* NSString+SBJSON.h */,
				D917B4021378D0E900E75140 /* NSString+SBJSON.m */,
				D917B4031378D0E900E75140 /* SBJSON.h */,
				D917B4041378D0E900E75140 /* SBJSON.m */,
				D917B4051378D0E900E75140 /* SBJsonBase.h */,
				D917B4061378D0E900E75140 /* SBJsonBase.m */,
				D917B4071378D0E900E75140 /* SBJsonParser.h */,
				D917B4081378D0E900E75140 /* SBJsonParser.m */,
				D917B4091378D0E900E75140 /* SBJsonWriter.h */,
				D917B40A1378D0E900E75140 /* SBJsonWriter.m */,
			);
			name = JSON;
			path = ..;
			sourceTree = "<group>";
		};
		D917B3E71378D0A000E75140 /* ASI */ = {
			isa = PBXGroup;
			children = (
				D917B3E81378D0B000E75140 /* ASIAuthenticationDialog.h */,
				D917B3E91378D0B000E75140 /* ASIAuthenticationDialog.m */,
				D917B3EA1378D0B000E75140 /* ASICacheDelegate.h */,
				D917B3EB1378D0B000E75140 /* ASIDownloadCache.h */,
				D917B3EC1378D0B000E75140 /* ASIDownloadCache.m */,
				D917B3ED1378D0B000E75140 /* ASIFormDataRequest.h */,
				D917B3EE1378D0B000E75140 /* ASIFormDataRequest.m */,
				D917B3EF1378D0B000E75140 /* ASIHTTPRequest.h */,
				D917B3F01378D0B000E75140 /* ASIHTTPRequest.m */,
				D917B3F11378D0B000E75140 /* ASIHTTPRequestConfig.h */,
				D917B3F21378D0B000E75140 /* ASIHTTPRequestDelegate.h */,
				D917B3F31378D0B000E75140 /* ASIInputStream.h */,
				D917B3F41378D0B000E75140 /* ASIInputStream.m */,
				D917B3F51378D0B000E75140 /* ASINetworkQueue.h */,
				D917B3F61378D0B000E75140 /* ASINetworkQueue.m */,
				D917B3F71378D0B000E75140 /* ASIProgressDelegate.h */,
			);
			name = ASI;
			sourceTree = "<group>";
		};
		D917B44A1378DEFB00E75140 /* Reachability */ = {
			isa = PBXGroup;
			children = (
				D917B44B1378DEFB00E75140 /* Reachability.h */,
				D917B44C1378DEFB00E75140 /* Reachability.m */,
			);
			name = Reachability;
			path = FormNinja/Reachability;
			sourceTree = "<group>";
		};
		D917B46C1379E09F00E75140 /* Login */ = {
			isa = PBXGroup;
			children = (
				D922CEA5136C926300233C48 /* FormNinjaLoginViewController.h */,
				D922CEA6136C926300233C48 /* FormNinjaLoginViewController.m */,
				F7F248C31385E1C600E0FD2A /* FormNinjaLoginViewController.xib */,
			);
			name = Login;
			sourceTree = "<group>";
		};
		D922CE81136C926300233C48 = {
			isa = PBXGroup;
			children = (
				F768C5B7137DEFEB00191858 /* TODO.txt */,
				D922CE96136C926300233C48 /* FormNinja */,
				D922CEB0136CAB1F00233C48 /* XIB */,
				D922CE8F136C926300233C48 /* Frameworks */,
				D922CE8D136C926300233C48 /* Products */,
			);
			sourceTree = "<group>";
		};
		D922CE8D136C926300233C48 /* Products */ = {
			isa = PBXGroup;
			children = (
				D922CE8C136C926300233C48 /* FormNinja.app */,
			);
			name = Products;
			sourceTree = "<group>";
		};
		D922CE8F136C926300233C48 /* Frameworks */ = {
			isa = PBXGroup;
			children = (
				42362F29137C5C0700D3A363 /* QuartzCore.framework */,
				D917B45C1378E1C800E75140 /* MobileCoreServices.framework */,
				D917B45A1378E1BE00E75140 /* CFNetwork.framework */,
				D917B4581378E14A00E75140 /* libz.1.2.3.dylib */,
				D917B44E1378E04F00E75140 /* SystemConfiguration.framework */,
				D922CE90136C926300233C48 /* UIKit.framework */,
				D922CE92136C926300233C48 /* Foundation.framework */,
				D922CE94136C926300233C48 /* CoreGraphics.framework */,
			);
			name = Frameworks;
			sourceTree = "<group>";
		};
		D922CE96136C926300233C48 /* FormNinja */ = {
			isa = PBXGroup;
			children = (
				D90A13DC1382250200857A4C /* Constants.h */,
				F778DD50137DC40B00B444F6 /* Networking */,
				D917B3D01378D06200E75140 /* JSON */,
				D917B46C1379E09F00E75140 /* Login */,
				F7E2B563137E49D600EA89D0 /* Account */,
				F7D8AFBE136E289A00FE0F76 /* MainMenu */,
				F778DD51137DC60E00B444F6 /* TemplateManager */,
				F77FDA501375F5AB00DC694D /* TemplateEditor */,
				F7BC423913886CF800911EB5 /* FormManager */,
				F7BC423313886CBC00911EB5 /* FormEditor */,
				F7CDEDFE1386F25F000BA5AB /* Signature */,
				F7BC423F138870A200911EB5 /* GroupManager */,
				D922CE9F136C926300233C48 /* FormNinjaAppDelegate.h */,
				D922CEA0136C926300233C48 /* FormNinjaAppDelegate.m */,
				F7F248C61385E1CB00E0FD2A /* MainWindow.xib */,
				F778DD57137DC69400B444F6 /* CustomLoadAlert */,
				D922CE97136C926300233C48 /* Supporting Files */,
			);
			path = FormNinja;
			sourceTree = "<group>";
		};
		D922CE97136C926300233C48 /* Supporting Files */ = {
			isa = PBXGroup;
			children = (
				D922CE98136C926300233C48 /* FormNinja-Info.plist */,
				D922CE9C136C926300233C48 /* FormNinja-Prefix.pch */,
				D922CE9D136C926300233C48 /* main.m */,
			);
			name = "Supporting Files";
			sourceTree = "<group>";
		};
		D922CEB0136CAB1F00233C48 /* XIB */ = {
			isa = PBXGroup;
			children = (
			);
			name = XIB;
			path = FormNinja;
			sourceTree = "<group>";
		};
		F768C5AB137DE85800191858 /* AccountEditor */ = {
			isa = PBXGroup;
			children = (
				F768C5AC137DE85800191858 /* AccountEditorViewController.h */,
				F768C5AD137DE85800191858 /* AccountEditorViewController.m */,
				F768C5AE137DE85800191858 /* AccountEditorViewController.xib */,
			);
			path = AccountEditor;
			sourceTree = "<group>";
		};
		F778DD50137DC40B00B444F6 /* Networking */ = {
			isa = PBXGroup;
			children = (
				D917B3E71378D0A000E75140 /* ASI */,
				D917B44A1378DEFB00E75140 /* Reachability */,
			);
			name = Networking;
			path = ..;
			sourceTree = "<group>";
		};
		F778DD51137DC60E00B444F6 /* TemplateManager */ = {
			isa = PBXGroup;
			children = (
				F778DD52137DC60E00B444F6 /* TemplateManagerViewController.h */,
				F7F248D51385E8ED00E0FD2A /* TemplateManagerViewController.m */,
				F7F248D71385E8F800E0FD2A /* TemplateManagerViewController.xib */,
			);
			path = TemplateManager;
			sourceTree = "<group>";
		};
		F778DD57137DC69400B444F6 /* CustomLoadAlert */ = {
			isa = PBXGroup;
			children = (
				F778DD59137DC69400B444F6 /* CustomLoadAlertViewController.h */,
				F778DD5A137DC69400B444F6 /* CustomLoadAlertViewController.m */,
				F778DD58137DC69400B444F6 /* CustomLoadAlert.xib */,
			);
			path = CustomLoadAlert;
			sourceTree = "<group>";
		};
		F77FDA501375F5AB00DC694D /* TemplateEditor */ = {
			isa = PBXGroup;
			children = (
				F77FDA521375F5DD00DC694D /* TemplateEditorViewController.h */,
				F77FDA531375F5DD00DC694D /* TemplateEditorViewController.m */,
				F7F248CE1385E2D300E0FD2A /* TemplateEditorViewController.xib */,
				425CA0C2137AEB9600BBCBEA /* StringField */,
			);
			name = TemplateEditor;
			sourceTree = "<group>";
		};
		F7BC423313886CBC00911EB5 /* FormEditor */ = {
			isa = PBXGroup;
			children = (
				F7BC422D13886CB800911EB5 /* FormEditorViewController.h */,
				F7BC422E13886CB800911EB5 /* FormEditorViewController.m */,
				F7BC422F13886CB800911EB5 /* FormEditorViewController.xib */,
			);
			name = FormEditor;
			sourceTree = "<group>";
		};
		F7BC423913886CF800911EB5 /* FormManager */ = {
			isa = PBXGroup;
			children = (
				F7BC423413886CF300911EB5 /* FormManagerViewController.h */,
				F7BC423513886CF300911EB5 /* FormManagerViewController.m */,
				F7BC423613886CF300911EB5 /* FormManagerViewController.xib */,
			);
			name = FormManager;
			sourceTree = "<group>";
		};
		F7BC423F138870A200911EB5 /* GroupManager */ = {
			isa = PBXGroup;
			children = (
				F7BC423A1388709F00911EB5 /* GroupManagerViewController.h */,
				F7BC423B1388709F00911EB5 /* GroupManagerViewController.m */,
				F7BC423C1388709F00911EB5 /* GroupManagerViewController.xib */,
			);
			name = GroupManager;
			sourceTree = "<group>";
		};
		F7CDEDFE1386F25F000BA5AB /* Signature */ = {
			isa = PBXGroup;
			children = (
				F7CDEDF91386F25A000BA5AB /* SignatureViewController.h */,
				F7CDEDFA1386F25A000BA5AB /* SignatureViewController.m */,
				F75D8C3813874291005DB2AE /* SigTestView.h */,
				F75D8C3913874291005DB2AE /* SigTestView.m */,
				F75D8C3A13874291005DB2AE /* SigTestView.xib */,
			);
			name = Signature;
			sourceTree = "<group>";
		};
		F7D8AFBE136E289A00FE0F76 /* MainMenu */ = {
			isa = PBXGroup;
			children = (
				F7D8AFB8136E289500FE0F76 /* MainMenu.h */,
				F7D8AFB9136E289500FE0F76 /* MainMenu.m */,
				F7D8AFBA136E289500FE0F76 /* MainMenu.xib */,
			);
			name = MainMenu;
			sourceTree = "<group>";
		};
		F7E2B563137E49D600EA89D0 /* Account */ = {
			isa = PBXGroup;
			children = (
				F7E2B55F137E49D000EA89D0 /* AccountClass.h */,
				F7E2B560137E49D000EA89D0 /* AccountClass.m */,
				F768C5AB137DE85800191858 /* AccountEditor */,
			);
			name = Account;
			sourceTree = "<group>";
		};
/* End PBXGroup section */

/* Begin PBXNativeTarget section */
		D922CE8B136C926300233C48 /* FormNinja */ = {
			isa = PBXNativeTarget;
			buildConfigurationList = D922CEAD136C926300233C48 /* Build configuration list for PBXNativeTarget "FormNinja" */;
			buildPhases = (
				D922CE88136C926300233C48 /* Sources */,
				D922CE89136C926300233C48 /* Frameworks */,
				D922CE8A136C926300233C48 /* Resources */,
			);
			buildRules = (
			);
			dependencies = (
			);
			name = FormNinja;
			productName = FormNinja;
			productReference = D922CE8C136C926300233C48 /* FormNinja.app */;
			productType = "com.apple.product-type.application";
		};
/* End PBXNativeTarget section */

/* Begin PBXProject section */
		D922CE83136C926300233C48 /* Project object */ = {
			isa = PBXProject;
			buildConfigurationList = D922CE86136C926300233C48 /* Build configuration list for PBXProject "FormNinja" */;
			compatibilityVersion = "Xcode 3.2";
			developmentRegion = English;
			hasScannedForEncodings = 0;
			knownRegions = (
				en,
				English,
				es,
			);
			mainGroup = D922CE81136C926300233C48;
			productRefGroup = D922CE8D136C926300233C48 /* Products */;
			projectDirPath = "";
			projectRoot = "";
			targets = (
				D922CE8B136C926300233C48 /* FormNinja */,
			);
		};
/* End PBXProject section */

/* Begin PBXResourcesBuildPhase section */
		D922CE8A136C926300233C48 /* Resources */ = {
			isa = PBXResourcesBuildPhase;
			buildActionMask = 2147483647;
			files = (
				F7D8AFBC136E289500FE0F76 /* MainMenu.xib in Resources */,
				F7F248CD1385E2D300E0FD2A /* TemplateEditorViewController.xib in Resources */,
				425CA0C0137AE78700BBCBEA /* stringFieldViewController.xib in Resources */,
				F7F248D61385E8F800E0FD2A /* TemplateManagerViewController.xib in Resources */,
				F778DD5B137DC69400B444F6 /* CustomLoadAlert.xib in Resources */,
				F768C5B0137DE85800191858 /* AccountEditorViewController.xib in Resources */,
				F768C5B8137DEFEB00191858 /* TODO.txt in Resources */,
				F7F248C41385E1CB00E0FD2A /* MainWindow.xib in Resources */,
				F7F248C11385E1C600E0FD2A /* FormNinjaLoginViewController.xib in Resources */,
				F75D8C3C13874291005DB2AE /* SigTestView.xib in Resources */,
				F7BC423113886CB800911EB5 /* FormEditorViewController.xib in Resources */,
				F7BC423813886CF300911EB5 /* FormManagerViewController.xib in Resources */,
				F7BC423E1388709F00911EB5 /* GroupManagerViewController.xib in Resources */,
			);
			runOnlyForDeploymentPostprocessing = 0;
		};
/* End PBXResourcesBuildPhase section */

/* Begin PBXSourcesBuildPhase section */
		D922CE88136C926300233C48 /* Sources */ = {
			isa = PBXSourcesBuildPhase;
			buildActionMask = 2147483647;
			files = (
				D922CE9E136C926300233C48 /* main.m in Sources */,
				D922CEA1136C926300233C48 /* FormNinjaAppDelegate.m in Sources */,
				D922CEA7136C926300233C48 /* FormNinjaLoginViewController.m in Sources */,
				F7D8AFBB136E289500FE0F76 /* MainMenu.m in Sources */,
				F77FDA551375F5DD00DC694D /* TemplateEditorViewController.m in Sources */,
				D917B3F81378D0B000E75140 /* ASIAuthenticationDialog.m in Sources */,
				D917B3F91378D0B000E75140 /* ASIDownloadCache.m in Sources */,
				D917B3FA1378D0B000E75140 /* ASIFormDataRequest.m in Sources */,
				D917B3FB1378D0B000E75140 /* ASIHTTPRequest.m in Sources */,
				D917B3FC1378D0B000E75140 /* ASIInputStream.m in Sources */,
				D917B3FD1378D0B000E75140 /* ASINetworkQueue.m in Sources */,
				D917B40B1378D0E900E75140 /* NSObject+SBJSON.m in Sources */,
				D917B40C1378D0E900E75140 /* NSString+SBJSON.m in Sources */,
				D917B40D1378D0E900E75140 /* SBJSON.m in Sources */,
				D917B40E1378D0E900E75140 /* SBJsonBase.m in Sources */,
				D917B40F1378D0E900E75140 /* SBJsonParser.m in Sources */,
				D917B4101378D0E900E75140 /* SBJsonWriter.m in Sources */,
				D917B44D1378DEFB00E75140 /* Reachability.m in Sources */,
				425CA0BF137AE78700BBCBEA /* stringFieldViewController.m in Sources */,
				F7F248D41385E8ED00E0FD2A /* TemplateManagerViewController.m in Sources */,
				F778DD5C137DC69400B444F6 /* CustomLoadAlertViewController.m in Sources */,
				F768C5AF137DE85800191858 /* AccountEditorViewController.m in Sources */,
				F7E2B561137E49D000EA89D0 /* AccountClass.m in Sources */,
				F7CDEDFC1386F25A000BA5AB /* SignatureViewController.m in Sources */,
				F75D8C3B13874291005DB2AE /* SigTestView.m in Sources */,
				F7BC423013886CB800911EB5 /* FormEditorViewController.m in Sources */,
				F7BC423713886CF300911EB5 /* FormManagerViewController.m in Sources */,
				F7BC423D1388709F00911EB5 /* GroupManagerViewController.m in Sources */,
			);
			runOnlyForDeploymentPostprocessing = 0;
		};
/* End PBXSourcesBuildPhase section */

/* Begin PBXVariantGroup section */
		F7F248C31385E1C600E0FD2A /* FormNinjaLoginViewController.xib */ = {
			isa = PBXVariantGroup;
			children = (
				F7F248C21385E1C600E0FD2A /* en */,
			);
			name = FormNinjaLoginViewController.xib;
			sourceTree = "<group>";
		};
		F7F248C61385E1CB00E0FD2A /* MainWindow.xib */ = {
			isa = PBXVariantGroup;
			children = (
				F7F248C51385E1CB00E0FD2A /* en */,
			);
			name = MainWindow.xib;
			sourceTree = "<group>";
		};
/* End PBXVariantGroup section */

/* Begin XCBuildConfiguration section */
		D922CEAB136C926300233C48 /* Debug */ = {
			isa = XCBuildConfiguration;
			buildSettings = {
				ARCHS = "$(ARCHS_UNIVERSAL_IPHONE_OS)";
				"CODE_SIGN_IDENTITY[sdk=iphoneos*]" = "iPhone Developer";
				GCC_C_LANGUAGE_STANDARD = gnu99;
				GCC_OPTIMIZATION_LEVEL = 0;
				GCC_PREPROCESSOR_DEFINITIONS = DEBUG;
				GCC_SYMBOLS_PRIVATE_EXTERN = NO;
				GCC_VERSION = com.apple.compilers.llvmgcc42;
				GCC_WARN_ABOUT_RETURN_TYPE = YES;
				GCC_WARN_UNUSED_VARIABLE = YES;
				IPHONEOS_DEPLOYMENT_TARGET = 4.3;
				SDKROOT = iphoneos;
				TARGETED_DEVICE_FAMILY = 2;
			};
			name = Debug;
		};
		D922CEAC136C926300233C48 /* Release */ = {
			isa = XCBuildConfiguration;
			buildSettings = {
				ARCHS = "$(ARCHS_UNIVERSAL_IPHONE_OS)";
				"CODE_SIGN_IDENTITY[sdk=iphoneos*]" = "iPhone Developer";
				GCC_C_LANGUAGE_STANDARD = gnu99;
				GCC_VERSION = com.apple.compilers.llvmgcc42;
				GCC_WARN_ABOUT_RETURN_TYPE = YES;
				GCC_WARN_UNUSED_VARIABLE = YES;
				IPHONEOS_DEPLOYMENT_TARGET = 4.3;
				OTHER_CFLAGS = "-DNS_BLOCK_ASSERTIONS=1";
				SDKROOT = iphoneos;
				TARGETED_DEVICE_FAMILY = 2;
			};
			name = Release;
		};
		D922CEAE136C926300233C48 /* Debug */ = {
			isa = XCBuildConfiguration;
			buildSettings = {
				ALWAYS_SEARCH_USER_PATHS = NO;
				COPY_PHASE_STRIP = NO;
				GCC_DYNAMIC_NO_PIC = NO;
				GCC_PRECOMPILE_PREFIX_HEADER = YES;
				GCC_PREFIX_HEADER = "FormNinja/FormNinja-Prefix.pch";
				INFOPLIST_FILE = "FormNinja/FormNinja-Info.plist";
				IPHONEOS_DEPLOYMENT_TARGET = 4.3;
				PRODUCT_NAME = "$(TARGET_NAME)";
				TARGETED_DEVICE_FAMILY = 2;
				WRAPPER_EXTENSION = app;
			};
			name = Debug;
		};
		D922CEAF136C926300233C48 /* Release */ = {
			isa = XCBuildConfiguration;
			buildSettings = {
				ALWAYS_SEARCH_USER_PATHS = NO;
				COPY_PHASE_STRIP = YES;
				GCC_PRECOMPILE_PREFIX_HEADER = YES;
				GCC_PREFIX_HEADER = "FormNinja/FormNinja-Prefix.pch";
				INFOPLIST_FILE = "FormNinja/FormNinja-Info.plist";
				IPHONEOS_DEPLOYMENT_TARGET = 4.3;
				PRODUCT_NAME = "$(TARGET_NAME)";
				TARGETED_DEVICE_FAMILY = 2;
				VALIDATE_PRODUCT = YES;
				WRAPPER_EXTENSION = app;
			};
			name = Release;
		};
/* End XCBuildConfiguration section */

/* Begin XCConfigurationList section */
		D922CE86136C926300233C48 /* Build configuration list for PBXProject "FormNinja" */ = {
			isa = XCConfigurationList;
			buildConfigurations = (
				D922CEAB136C926300233C48 /* Debug */,
				D922CEAC136C926300233C48 /* Release */,
			);
			defaultConfigurationIsVisible = 0;
			defaultConfigurationName = Release;
		};
		D922CEAD136C926300233C48 /* Build configuration list for PBXNativeTarget "FormNinja" */ = {
			isa = XCConfigurationList;
			buildConfigurations = (
				D922CEAE136C926300233C48 /* Debug */,
				D922CEAF136C926300233C48 /* Release */,
			);
			defaultConfigurationIsVisible = 0;
			defaultConfigurationName = Release;
		};
/* End XCConfigurationList section */
	};
	rootObject = D922CE83136C926300233C48 /* Project object */;
}
