// !$*UTF8*$!
{
	archiveVersion = 1;
	classes = {
	};
	objectVersion = 46;
	objects = {

/* Begin PBXBuildFile section */
		F784BF53136CEE6C007A9EA2 /* mjbhvg.cpp in Sources */ = {isa = PBXBuildFile; fileRef = F784BF51136CEE6C007A9EA2 /* mjbhvg.cpp */; };
		F78DD3AD136CE83F0083796A /* test.cpp in Sources */ = {isa = PBXBuildFile; fileRef = F78DD3AB136CE83F0083796A /* test.cpp */; };
		F7D2B23F136CDF0C00AEEBD4 /* UIKit.framework in Frameworks */ = {isa = PBXBuildFile; fileRef = F7D2B23E136CDF0C00AEEBD4 /* UIKit.framework */; };
		F7D2B241136CDF0C00AEEBD4 /* Foundation.framework in Frameworks */ = {isa = PBXBuildFile; fileRef = F7D2B240136CDF0C00AEEBD4 /* Foundation.framework */; };
		F7D2B243136CDF0C00AEEBD4 /* CoreGraphics.framework in Frameworks */ = {isa = PBXBuildFile; fileRef = F7D2B242136CDF0C00AEEBD4 /* CoreGraphics.framework */; };
		F7D2B249136CDF0C00AEEBD4 /* InfoPlist.strings in Resources */ = {isa = PBXBuildFile; fileRef = F7D2B247136CDF0C00AEEBD4 /* InfoPlist.strings */; };
		F7D2B24C136CDF0C00AEEBD4 /* main.m in Sources */ = {isa = PBXBuildFile; fileRef = F7D2B24B136CDF0C00AEEBD4 /* main.m */; };
		F7D2B24F136CDF0C00AEEBD4 /* Form_NinjaAppDelegate.m in Sources */ = {isa = PBXBuildFile; fileRef = F7D2B24E136CDF0C00AEEBD4 /* Form_NinjaAppDelegate.m */; };
		F7D2B252136CDF0C00AEEBD4 /* MainWindow.xib in Resources */ = {isa = PBXBuildFile; fileRef = F7D2B250136CDF0C00AEEBD4 /* MainWindow.xib */; };
		F7D2B255136CDF0C00AEEBD4 /* Form_NinjaViewController.m in Sources */ = {isa = PBXBuildFile; fileRef = F7D2B254136CDF0C00AEEBD4 /* Form_NinjaViewController.m */; };
		F7D2B258136CDF0C00AEEBD4 /* Form_NinjaViewController.xib in Resources */ = {isa = PBXBuildFile; fileRef = F7D2B256136CDF0C00AEEBD4 /* Form_NinjaViewController.xib */; };
/* End PBXBuildFile section */

/* Begin PBXFileReference section */
		F784BF51136CEE6C007A9EA2 /* mjbhvg.cpp */ = {isa = PBXFileReference; fileEncoding = 4; lastKnownFileType = sourcecode.cpp.cpp; path = mjbhvg.cpp; sourceTree = "<group>"; };
		F784BF52136CEE6C007A9EA2 /* mjbhvg.h */ = {isa = PBXFileReference; fileEncoding = 4; lastKnownFileType = sourcecode.c.h; path = mjbhvg.h; sourceTree = "<group>"; };
		F78DD3AB136CE83F0083796A /* test.cpp */ = {isa = PBXFileReference; fileEncoding = 4; lastKnownFileType = sourcecode.cpp.cpp; path = test.cpp; sourceTree = "<group>"; };
		F78DD3AC136CE83F0083796A /* test.h */ = {isa = PBXFileReference; fileEncoding = 4; lastKnownFileType = sourcecode.c.h; path = test.h; sourceTree = "<group>"; };
		F7D2B23A136CDF0C00AEEBD4 /* Form Ninja.app */ = {isa = PBXFileReference; explicitFileType = wrapper.application; includeInIndex = 0; path = "Form Ninja.app"; sourceTree = BUILT_PRODUCTS_DIR; };
		F7D2B23E136CDF0C00AEEBD4 /* UIKit.framework */ = {isa = PBXFileReference; lastKnownFileType = wrapper.framework; name = UIKit.framework; path = System/Library/Frameworks/UIKit.framework; sourceTree = SDKROOT; };
		F7D2B240136CDF0C00AEEBD4 /* Foundation.framework */ = {isa = PBXFileReference; lastKnownFileType = wrapper.framework; name = Foundation.framework; path = System/Library/Frameworks/Foundation.framework; sourceTree = SDKROOT; };
		F7D2B242136CDF0C00AEEBD4 /* CoreGraphics.framework */ = {isa = PBXFileReference; lastKnownFileType = wrapper.framework; name = CoreGraphics.framework; path = System/Library/Frameworks/CoreGraphics.framework; sourceTree = SDKROOT; };
		F7D2B246136CDF0C00AEEBD4 /* Form Ninja-Info.plist */ = {isa = PBXFileReference; lastKnownFileType = text.plist.xml; path = "Form Ninja-Info.plist"; sourceTree = "<group>"; };
		F7D2B248136CDF0C00AEEBD4 /* en */ = {isa = PBXFileReference; lastKnownFileType = text.plist.strings; name = en; path = en.lproj/InfoPlist.strings; sourceTree = "<group>"; };
		F7D2B24A136CDF0C00AEEBD4 /* Form Ninja-Prefix.pch */ = {isa = PBXFileReference; lastKnownFileType = sourcecode.c.h; path = "Form Ninja-Prefix.pch"; sourceTree = "<group>"; };
		F7D2B24B136CDF0C00AEEBD4 /* main.m */ = {isa = PBXFileReference; lastKnownFileType = sourcecode.c.objc; path = main.m; sourceTree = "<group>"; };
		F7D2B24D136CDF0C00AEEBD4 /* Form_NinjaAppDelegate.h */ = {isa = PBXFileReference; lastKnownFileType = sourcecode.c.h; path = Form_NinjaAppDelegate.h; sourceTree = "<group>"; };
		F7D2B24E136CDF0C00AEEBD4 /* Form_NinjaAppDelegate.m */ = {isa = PBXFileReference; lastKnownFileType = sourcecode.c.objc; path = Form_NinjaAppDelegate.m; sourceTree = "<group>"; };
		F7D2B251136CDF0C00AEEBD4 /* en */ = {isa = PBXFileReference; lastKnownFileType = file.xib; name = en; path = en.lproj/MainWindow.xib; sourceTree = "<group>"; };
		F7D2B253136CDF0C00AEEBD4 /* Form_NinjaViewController.h */ = {isa = PBXFileReference; lastKnownFileType = sourcecode.c.h; path = Form_NinjaViewController.h; sourceTree = "<group>"; };
		F7D2B254136CDF0C00AEEBD4 /* Form_NinjaViewController.m */ = {isa = PBXFileReference; lastKnownFileType = sourcecode.c.objc; path = Form_NinjaViewController.m; sourceTree = "<group>"; };
		F7D2B257136CDF0C00AEEBD4 /* en */ = {isa = PBXFileReference; lastKnownFileType = file.xib; name = en; path = en.lproj/Form_NinjaViewController.xib; sourceTree = "<group>"; };
/* End PBXFileReference section */

/* Begin PBXFrameworksBuildPhase section */
		F7D2B237136CDF0C00AEEBD4 /* Frameworks */ = {
			isa = PBXFrameworksBuildPhase;
			buildActionMask = 2147483647;
			files = (
				F7D2B23F136CDF0C00AEEBD4 /* UIKit.framework in Frameworks */,
				F7D2B241136CDF0C00AEEBD4 /* Foundation.framework in Frameworks */,
				F7D2B243136CDF0C00AEEBD4 /* CoreGraphics.framework in Frameworks */,
			);
			runOnlyForDeploymentPostprocessing = 0;
		};
/* End PBXFrameworksBuildPhase section */

/* Begin PBXGroup section */
		F7D2B22F136CDF0C00AEEBD4 = {
			isa = PBXGroup;
			children = (
				F7D2B244136CDF0C00AEEBD4 /* Form Ninja */,
				F7D2B23D136CDF0C00AEEBD4 /* Frameworks */,
				F7D2B23B136CDF0C00AEEBD4 /* Products */,
			);
			sourceTree = "<group>";
		};
		F7D2B23B136CDF0C00AEEBD4 /* Products */ = {
			isa = PBXGroup;
			children = (
				F7D2B23A136CDF0C00AEEBD4 /* Form Ninja.app */,
			);
			name = Products;
			sourceTree = "<group>";
		};
		F7D2B23D136CDF0C00AEEBD4 /* Frameworks */ = {
			isa = PBXGroup;
			children = (
				F7D2B23E136CDF0C00AEEBD4 /* UIKit.framework */,
				F7D2B240136CDF0C00AEEBD4 /* Foundation.framework */,
				F7D2B242136CDF0C00AEEBD4 /* CoreGraphics.framework */,
			);
			name = Frameworks;
			sourceTree = "<group>";
		};
		F7D2B244136CDF0C00AEEBD4 /* Form Ninja */ = {
			isa = PBXGroup;
			children = (
				F7D2B24D136CDF0C00AEEBD4 /* Form_NinjaAppDelegate.h */,
				F7D2B24E136CDF0C00AEEBD4 /* Form_NinjaAppDelegate.m */,
				F7D2B250136CDF0C00AEEBD4 /* MainWindow.xib */,
				F7D2B253136CDF0C00AEEBD4 /* Form_NinjaViewController.h */,
				F7D2B254136CDF0C00AEEBD4 /* Form_NinjaViewController.m */,
				F7D2B256136CDF0C00AEEBD4 /* Form_NinjaViewController.xib */,
				F78DD3AB136CE83F0083796A /* test.cpp */,
				F78DD3AC136CE83F0083796A /* test.h */,
				F7D2B245136CDF0C00AEEBD4 /* Supporting Files */,
				F784BF51136CEE6C007A9EA2 /* mjbhvg.cpp */,
				F784BF52136CEE6C007A9EA2 /* mjbhvg.h */,
			);
			path = "Form Ninja";
			sourceTree = "<group>";
		};
		F7D2B245136CDF0C00AEEBD4 /* Supporting Files */ = {
			isa = PBXGroup;
			children = (
				F7D2B246136CDF0C00AEEBD4 /* Form Ninja-Info.plist */,
				F7D2B247136CDF0C00AEEBD4 /* InfoPlist.strings */,
				F7D2B24A136CDF0C00AEEBD4 /* Form Ninja-Prefix.pch */,
				F7D2B24B136CDF0C00AEEBD4 /* main.m */,
			);
			name = "Supporting Files";
			sourceTree = "<group>";
		};
/* End PBXGroup section */

/* Begin PBXNativeTarget section */
		F7D2B239136CDF0C00AEEBD4 /* Form Ninja */ = {
			isa = PBXNativeTarget;
			buildConfigurationList = F7D2B25B136CDF0C00AEEBD4 /* Build configuration list for PBXNativeTarget "Form Ninja" */;
			buildPhases = (
				F7D2B236136CDF0C00AEEBD4 /* Sources */,
				F7D2B237136CDF0C00AEEBD4 /* Frameworks */,
				F7D2B238136CDF0C00AEEBD4 /* Resources */,
			);
			buildRules = (
			);
			dependencies = (
			);
			name = "Form Ninja";
			productName = "Form Ninja";
			productReference = F7D2B23A136CDF0C00AEEBD4 /* Form Ninja.app */;
			productType = "com.apple.product-type.application";
		};
/* End PBXNativeTarget section */

/* Begin PBXProject section */
		F7D2B231136CDF0C00AEEBD4 /* Project object */ = {
			isa = PBXProject;
			buildConfigurationList = F7D2B234136CDF0C00AEEBD4 /* Build configuration list for PBXProject "Form Ninja" */;
			compatibilityVersion = "Xcode 3.2";
			developmentRegion = English;
			hasScannedForEncodings = 0;
			knownRegions = (
				en,
			);
			mainGroup = F7D2B22F136CDF0C00AEEBD4;
			productRefGroup = F7D2B23B136CDF0C00AEEBD4 /* Products */;
			projectDirPath = "";
			projectRoot = "";
			targets = (
				F7D2B239136CDF0C00AEEBD4 /* Form Ninja */,
			);
		};
/* End PBXProject section */

/* Begin PBXResourcesBuildPhase section */
		F7D2B238136CDF0C00AEEBD4 /* Resources */ = {
			isa = PBXResourcesBuildPhase;
			buildActionMask = 2147483647;
			files = (
				F7D2B249136CDF0C00AEEBD4 /* InfoPlist.strings in Resources */,
				F7D2B252136CDF0C00AEEBD4 /* MainWindow.xib in Resources */,
				F7D2B258136CDF0C00AEEBD4 /* Form_NinjaViewController.xib in Resources */,
			);
			runOnlyForDeploymentPostprocessing = 0;
		};
/* End PBXResourcesBuildPhase section */

/* Begin PBXSourcesBuildPhase section */
		F7D2B236136CDF0C00AEEBD4 /* Sources */ = {
			isa = PBXSourcesBuildPhase;
			buildActionMask = 2147483647;
			files = (
				F7D2B24C136CDF0C00AEEBD4 /* main.m in Sources */,
				F7D2B24F136CDF0C00AEEBD4 /* Form_NinjaAppDelegate.m in Sources */,
				F7D2B255136CDF0C00AEEBD4 /* Form_NinjaViewController.m in Sources */,
				F78DD3AD136CE83F0083796A /* test.cpp in Sources */,
				F784BF53136CEE6C007A9EA2 /* mjbhvg.cpp in Sources */,
			);
			runOnlyForDeploymentPostprocessing = 0;
		};
/* End PBXSourcesBuildPhase section */

/* Begin PBXVariantGroup section */
		F7D2B247136CDF0C00AEEBD4 /* InfoPlist.strings */ = {
			isa = PBXVariantGroup;
			children = (
				F7D2B248136CDF0C00AEEBD4 /* en */,
			);
			name = InfoPlist.strings;
			sourceTree = "<group>";
		};
		F7D2B250136CDF0C00AEEBD4 /* MainWindow.xib */ = {
			isa = PBXVariantGroup;
			children = (
				F7D2B251136CDF0C00AEEBD4 /* en */,
			);
			name = MainWindow.xib;
			sourceTree = "<group>";
		};
		F7D2B256136CDF0C00AEEBD4 /* Form_NinjaViewController.xib */ = {
			isa = PBXVariantGroup;
			children = (
				F7D2B257136CDF0C00AEEBD4 /* en */,
			);
			name = Form_NinjaViewController.xib;
			sourceTree = "<group>";
		};
/* End PBXVariantGroup section */

/* Begin XCBuildConfiguration section */
		F7D2B259136CDF0C00AEEBD4 /* Debug */ = {
			isa = XCBuildConfiguration;
			buildSettings = {
				ARCHS = "$(ARCHS_UNIVERSAL_IPHONE_OS)";
				"CODE_SIGN_IDENTITY[sdk=iphoneos*]" = "iPhone Developer";
				GCC_C_LANGUAGE_STANDARD = gnu99;
				GCC_OPTIMIZATION_LEVEL = 0;
				GCC_PREPROCESSOR_DEFINITIONS = DEBUG;
				GCC_SYMBOLS_PRIVATE_EXTERN = NO;
				GCC_VERSION = com.apple.compilers.llvmgcc42;
				GCC_WARN_ABOUT_RETURN_TYPE = YES;
				GCC_WARN_UNUSED_VARIABLE = YES;
				IPHONEOS_DEPLOYMENT_TARGET = 4.3;
				SDKROOT = iphoneos;
				TARGETED_DEVICE_FAMILY = 2;
			};
			name = Debug;
		};
		F7D2B25A136CDF0C00AEEBD4 /* Release */ = {
			isa = XCBuildConfiguration;
			buildSettings = {
				ARCHS = "$(ARCHS_UNIVERSAL_IPHONE_OS)";
				"CODE_SIGN_IDENTITY[sdk=iphoneos*]" = "iPhone Developer";
				GCC_C_LANGUAGE_STANDARD = gnu99;
				GCC_VERSION = com.apple.compilers.llvmgcc42;
				GCC_WARN_ABOUT_RETURN_TYPE = YES;
				GCC_WARN_UNUSED_VARIABLE = YES;
				IPHONEOS_DEPLOYMENT_TARGET = 4.3;
				OTHER_CFLAGS = "-DNS_BLOCK_ASSERTIONS=1";
				SDKROOT = iphoneos;
				TARGETED_DEVICE_FAMILY = 2;
			};
			name = Release;
		};
		F7D2B25C136CDF0C00AEEBD4 /* Debug */ = {
			isa = XCBuildConfiguration;
			buildSettings = {
				ALWAYS_SEARCH_USER_PATHS = NO;
				COPY_PHASE_STRIP = NO;
				GCC_DYNAMIC_NO_PIC = NO;
				GCC_PRECOMPILE_PREFIX_HEADER = YES;
				GCC_PREFIX_HEADER = "Form Ninja/Form Ninja-Prefix.pch";
				INFOPLIST_FILE = "Form Ninja/Form Ninja-Info.plist";
				PRODUCT_NAME = "$(TARGET_NAME)";
				WRAPPER_EXTENSION = app;
			};
			name = Debug;
		};
		F7D2B25D136CDF0C00AEEBD4 /* Release */ = {
			isa = XCBuildConfiguration;
			buildSettings = {
				ALWAYS_SEARCH_USER_PATHS = NO;
				COPY_PHASE_STRIP = YES;
				GCC_PRECOMPILE_PREFIX_HEADER = YES;
				GCC_PREFIX_HEADER = "Form Ninja/Form Ninja-Prefix.pch";
				INFOPLIST_FILE = "Form Ninja/Form Ninja-Info.plist";
				PRODUCT_NAME = "$(TARGET_NAME)";
				VALIDATE_PRODUCT = YES;
				WRAPPER_EXTENSION = app;
			};
			name = Release;
		};
/* End XCBuildConfiguration section */

/* Begin XCConfigurationList section */
		F7D2B234136CDF0C00AEEBD4 /* Build configuration list for PBXProject "Form Ninja" */ = {
			isa = XCConfigurationList;
			buildConfigurations = (
				F7D2B259136CDF0C00AEEBD4 /* Debug */,
				F7D2B25A136CDF0C00AEEBD4 /* Release */,
			);
			defaultConfigurationIsVisible = 0;
			defaultConfigurationName = Release;
		};
		F7D2B25B136CDF0C00AEEBD4 /* Build configuration list for PBXNativeTarget "Form Ninja" */ = {
			isa = XCConfigurationList;
			buildConfigurations = (
				F7D2B25C136CDF0C00AEEBD4 /* Debug */,
				F7D2B25D136CDF0C00AEEBD4 /* Release */,
			);
			defaultConfigurationIsVisible = 0;
			defaultConfigurationName = Release;
		};
/* End XCConfigurationList section */
	};
	rootObject = F7D2B231136CDF0C00AEEBD4 /* Project object */;
}
